// !$*UTF8*$!
{
	archiveVersion = 1;
	classes = {
	};
	objectVersion = 56;
	objects = {

/* Begin PBXBuildFile section */
		48679D572A4970880077FF1F /* AppDelegate.swift in Sources */ = {isa = PBXBuildFile; fileRef = 48679D562A4970880077FF1F /* AppDelegate.swift */; };
		48679D592A4970880077FF1F /* SceneDelegate.swift in Sources */ = {isa = PBXBuildFile; fileRef = 48679D582A4970880077FF1F /* SceneDelegate.swift */; };
		48679D5B2A4970880077FF1F /* LoginView.swift in Sources */ = {isa = PBXBuildFile; fileRef = 48679D5A2A4970880077FF1F /* LoginView.swift */; };
		48679D5E2A4970880077FF1F /* Main.storyboard in Resources */ = {isa = PBXBuildFile; fileRef = 48679D5C2A4970880077FF1F /* Main.storyboard */; };
		48679D602A49708A0077FF1F /* Assets.xcassets in Resources */ = {isa = PBXBuildFile; fileRef = 48679D5F2A49708A0077FF1F /* Assets.xcassets */; };
		48679D632A49708A0077FF1F /* LaunchScreen.storyboard in Resources */ = {isa = PBXBuildFile; fileRef = 48679D612A49708A0077FF1F /* LaunchScreen.storyboard */; };
		48679D8F2A4973850077FF1F /* LoginPresenter.swift in Sources */ = {isa = PBXBuildFile; fileRef = 48679D8E2A4973850077FF1F /* LoginPresenter.swift */; };
		48679D912A4973BC0077FF1F /* UserEntity.swift in Sources */ = {isa = PBXBuildFile; fileRef = 48679D902A4973BC0077FF1F /* UserEntity.swift */; };
		48679D972A4981F50077FF1F /* BaseView.swift in Sources */ = {isa = PBXBuildFile; fileRef = 48679D962A4981F50077FF1F /* BaseView.swift */; };
		48679D9A2A4982BF0077FF1F /* Constants.swift in Sources */ = {isa = PBXBuildFile; fileRef = 48679D992A4982BF0077FF1F /* Constants.swift */; };
		48679D9C2A498D5A0077FF1F /* Montserrat-Bold.ttf in Resources */ = {isa = PBXBuildFile; fileRef = 48679D932A4980E80077FF1F /* Montserrat-Bold.ttf */; };
		48679D9D2A498D5C0077FF1F /* Montserrat-Light.ttf in Resources */ = {isa = PBXBuildFile; fileRef = 48679D942A4980F90077FF1F /* Montserrat-Light.ttf */; };
		48679D9E2A498D5E0077FF1F /* Montserrat-Regular.ttf in Resources */ = {isa = PBXBuildFile; fileRef = 48679D952A4981080077FF1F /* Montserrat-Regular.ttf */; };
		48679D9F2A498D610077FF1F /* Montserrat-Medium.ttf in Resources */ = {isa = PBXBuildFile; fileRef = 48679D9B2A49870A0077FF1F /* Montserrat-Medium.ttf */; };
		48679DA52A49A9CF0077FF1F /* Extension+SkyFloatingLabelTextField.swift in Sources */ = {isa = PBXBuildFile; fileRef = 48679DA42A49A9CF0077FF1F /* Extension+SkyFloatingLabelTextField.swift */; };
		48679DA72A49AC0F0077FF1F /* Montserrat-ExtraBold.ttf in Resources */ = {isa = PBXBuildFile; fileRef = 48679DA62A49AC0F0077FF1F /* Montserrat-ExtraBold.ttf */; };
		48679DA92A49B5FB0077FF1F /* LoginInteractor.swift in Sources */ = {isa = PBXBuildFile; fileRef = 48679DA82A49B5FB0077FF1F /* LoginInteractor.swift */; };
		48679DAB2A49BBD50077FF1F /* GlobalRouter.swift in Sources */ = {isa = PBXBuildFile; fileRef = 48679DAA2A49BBD50077FF1F /* GlobalRouter.swift */; };
		48679DAD2A49BBF30077FF1F /* LoginRouter.swift in Sources */ = {isa = PBXBuildFile; fileRef = 48679DAC2A49BBF30077FF1F /* LoginRouter.swift */; };
		48679DAF2A49C03A0077FF1F /* LoginModuleInitializer.swift in Sources */ = {isa = PBXBuildFile; fileRef = 48679DAE2A49C03A0077FF1F /* LoginModuleInitializer.swift */; };
		48679DB22A49C3730077FF1F /* SnackListView.swift in Sources */ = {isa = PBXBuildFile; fileRef = 48679DB12A49C3730077FF1F /* SnackListView.swift */; };
		48679DB72A49D5680077FF1F /* KeyChainManager.swift in Sources */ = {isa = PBXBuildFile; fileRef = 48679DB62A49D5680077FF1F /* KeyChainManager.swift */; };
		486829BF2A4C69A8009D2DA2 /* SnacksManager.swift in Sources */ = {isa = PBXBuildFile; fileRef = 486829BE2A4C69A7009D2DA2 /* SnacksManager.swift */; };
		486829C12A4C6E8F009D2DA2 /* SnackListModuleInitializer.swift in Sources */ = {isa = PBXBuildFile; fileRef = 486829C02A4C6E8F009D2DA2 /* SnackListModuleInitializer.swift */; };
		486829C42A4C7955009D2DA2 /* LoadingIndicator.swift in Sources */ = {isa = PBXBuildFile; fileRef = 486829C32A4C7955009D2DA2 /* LoadingIndicator.swift */; };
		486829C82A4C7E23009D2DA2 /* SpinerController.swift in Sources */ = {isa = PBXBuildFile; fileRef = 486829C72A4C7E23009D2DA2 /* SpinerController.swift */; };
		48690DCD2A4E3911008CE2C0 /* AddProductPresenter.swift in Sources */ = {isa = PBXBuildFile; fileRef = 48690DCC2A4E3911008CE2C0 /* AddProductPresenter.swift */; };
		48690DCF2A4E3940008CE2C0 /* AddProductRouter.swift in Sources */ = {isa = PBXBuildFile; fileRef = 48690DCE2A4E3940008CE2C0 /* AddProductRouter.swift */; };
		486C933E2A4E044900F1B0FC /* AddProductView.swift in Sources */ = {isa = PBXBuildFile; fileRef = 486C933D2A4E044900F1B0FC /* AddProductView.swift */; };
		486E6B682A52C68E00130864 /* AccountManager.swift in Sources */ = {isa = PBXBuildFile; fileRef = 486E6B672A52C68E00130864 /* AccountManager.swift */; };
		486E6B772A530A2A00130864 /* KeyChainManagerTests.swift in Sources */ = {isa = PBXBuildFile; fileRef = 486E6B762A530A2A00130864 /* KeyChainManagerTests.swift */; };
		486F02CA2A4EAA360040707D /* AddProductModuleInitializer.swift in Sources */ = {isa = PBXBuildFile; fileRef = 486F02C92A4EAA360040707D /* AddProductModuleInitializer.swift */; };
		486F02CC2A4EAB7A0040707D /* AddProductInteractor.swift in Sources */ = {isa = PBXBuildFile; fileRef = 486F02CB2A4EAB7A0040707D /* AddProductInteractor.swift */; };
		4886F9D82A536828004F0702 /* Extension+DateFormatter.swift in Sources */ = {isa = PBXBuildFile; fileRef = 4886F9D72A536828004F0702 /* Extension+DateFormatter.swift */; };
		488F03792A4AE4BC00AEBE65 /* SnackListPresenter.swift in Sources */ = {isa = PBXBuildFile; fileRef = 488F03782A4AE4BC00AEBE65 /* SnackListPresenter.swift */; };
		488F037B2A4AE59400AEBE65 /* SnackListInteractor.swift in Sources */ = {isa = PBXBuildFile; fileRef = 488F037A2A4AE59400AEBE65 /* SnackListInteractor.swift */; };
		488F037D2A4AE60400AEBE65 /* SnackListEntity.swift in Sources */ = {isa = PBXBuildFile; fileRef = 488F037C2A4AE60400AEBE65 /* SnackListEntity.swift */; };
		488F037F2A4AE68A00AEBE65 /* SnackListRouter.swift in Sources */ = {isa = PBXBuildFile; fileRef = 488F037E2A4AE68A00AEBE65 /* SnackListRouter.swift */; };
		488F03812A4AEA5300AEBE65 /* SnackModel.swift in Sources */ = {isa = PBXBuildFile; fileRef = 488F03802A4AEA5300AEBE65 /* SnackModel.swift */; };
		488F03892A4AFA6A00AEBE65 /* Extension+StoryBoardebleCell.swift in Sources */ = {isa = PBXBuildFile; fileRef = 488F03882A4AFA6A00AEBE65 /* Extension+StoryBoardebleCell.swift */; };
		488F038C2A4B20EA00AEBE65 /* SnackListTableViewCell.swift in Sources */ = {isa = PBXBuildFile; fileRef = 488F038A2A4B20EA00AEBE65 /* SnackListTableViewCell.swift */; };
		488F038D2A4B20EA00AEBE65 /* SnackListTableViewCell.xib in Resources */ = {isa = PBXBuildFile; fileRef = 488F038B2A4B20EA00AEBE65 /* SnackListTableViewCell.xib */; };
		488F038F2A4B320400AEBE65 /* Extension+UILabel.swift in Sources */ = {isa = PBXBuildFile; fileRef = 488F038E2A4B320400AEBE65 /* Extension+UILabel.swift */; };
		DE101068C4B13588D1145412 /* Pods_FatBoss.framework in Frameworks */ = {isa = PBXBuildFile; fileRef = 48433BE5F0CC71B351FEC5E6 /* Pods_FatBoss.framework */; };
/* End PBXBuildFile section */

/* Begin PBXContainerItemProxy section */
		486E6B712A5309C500130864 /* PBXContainerItemProxy */ = {
			isa = PBXContainerItemProxy;
			containerPortal = 48679D4B2A4970880077FF1F /* Project object */;
			proxyType = 1;
			remoteGlobalIDString = 48679D522A4970880077FF1F;
			remoteInfo = FatBoss;
		};
/* End PBXContainerItemProxy section */

/* Begin PBXFileReference section */
		3B77E902DE1A752A2D88D616 /* Pods-FatBoss-FatBossTests.debug.xcconfig */ = {isa = PBXFileReference; includeInIndex = 1; lastKnownFileType = text.xcconfig; name = "Pods-FatBoss-FatBossTests.debug.xcconfig"; path = "Target Support Files/Pods-FatBoss-FatBossTests/Pods-FatBoss-FatBossTests.debug.xcconfig"; sourceTree = "<group>"; };
		3CE12CFE3520347E6C535B5F /* Pods-FatBoss.debug.xcconfig */ = {isa = PBXFileReference; includeInIndex = 1; lastKnownFileType = text.xcconfig; name = "Pods-FatBoss.debug.xcconfig"; path = "Target Support Files/Pods-FatBoss/Pods-FatBoss.debug.xcconfig"; sourceTree = "<group>"; };
		48433BE5F0CC71B351FEC5E6 /* Pods_FatBoss.framework */ = {isa = PBXFileReference; explicitFileType = wrapper.framework; includeInIndex = 0; path = Pods_FatBoss.framework; sourceTree = BUILT_PRODUCTS_DIR; };
		48679D532A4970880077FF1F /* FatBoss.app */ = {isa = PBXFileReference; explicitFileType = wrapper.application; includeInIndex = 0; path = FatBoss.app; sourceTree = BUILT_PRODUCTS_DIR; };
		48679D562A4970880077FF1F /* AppDelegate.swift */ = {isa = PBXFileReference; lastKnownFileType = sourcecode.swift; path = AppDelegate.swift; sourceTree = "<group>"; };
		48679D582A4970880077FF1F /* SceneDelegate.swift */ = {isa = PBXFileReference; lastKnownFileType = sourcecode.swift; path = SceneDelegate.swift; sourceTree = "<group>"; };
		48679D5A2A4970880077FF1F /* LoginView.swift */ = {isa = PBXFileReference; lastKnownFileType = sourcecode.swift; path = LoginView.swift; sourceTree = "<group>"; };
		48679D5D2A4970880077FF1F /* Base */ = {isa = PBXFileReference; lastKnownFileType = file.storyboard; name = Base; path = Base.lproj/Main.storyboard; sourceTree = "<group>"; };
		48679D5F2A49708A0077FF1F /* Assets.xcassets */ = {isa = PBXFileReference; lastKnownFileType = folder.assetcatalog; path = Assets.xcassets; sourceTree = "<group>"; };
		48679D622A49708A0077FF1F /* Base */ = {isa = PBXFileReference; lastKnownFileType = file.storyboard; name = Base; path = Base.lproj/LaunchScreen.storyboard; sourceTree = "<group>"; };
		48679D642A49708A0077FF1F /* Info.plist */ = {isa = PBXFileReference; lastKnownFileType = text.plist.xml; path = Info.plist; sourceTree = "<group>"; };
		48679D8E2A4973850077FF1F /* LoginPresenter.swift */ = {isa = PBXFileReference; lastKnownFileType = sourcecode.swift; path = LoginPresenter.swift; sourceTree = "<group>"; };
		48679D902A4973BC0077FF1F /* UserEntity.swift */ = {isa = PBXFileReference; lastKnownFileType = sourcecode.swift; path = UserEntity.swift; sourceTree = "<group>"; };
		48679D932A4980E80077FF1F /* Montserrat-Bold.ttf */ = {isa = PBXFileReference; lastKnownFileType = file; path = "Montserrat-Bold.ttf"; sourceTree = "<group>"; };
		48679D942A4980F90077FF1F /* Montserrat-Light.ttf */ = {isa = PBXFileReference; lastKnownFileType = file; path = "Montserrat-Light.ttf"; sourceTree = "<group>"; };
		48679D952A4981080077FF1F /* Montserrat-Regular.ttf */ = {isa = PBXFileReference; lastKnownFileType = file; path = "Montserrat-Regular.ttf"; sourceTree = "<group>"; };
		48679D962A4981F50077FF1F /* BaseView.swift */ = {isa = PBXFileReference; lastKnownFileType = sourcecode.swift; path = BaseView.swift; sourceTree = "<group>"; };
		48679D992A4982BF0077FF1F /* Constants.swift */ = {isa = PBXFileReference; lastKnownFileType = sourcecode.swift; path = Constants.swift; sourceTree = "<group>"; };
		48679D9B2A49870A0077FF1F /* Montserrat-Medium.ttf */ = {isa = PBXFileReference; lastKnownFileType = file; path = "Montserrat-Medium.ttf"; sourceTree = "<group>"; };
		48679DA42A49A9CF0077FF1F /* Extension+SkyFloatingLabelTextField.swift */ = {isa = PBXFileReference; lastKnownFileType = sourcecode.swift; path = "Extension+SkyFloatingLabelTextField.swift"; sourceTree = "<group>"; };
		48679DA62A49AC0F0077FF1F /* Montserrat-ExtraBold.ttf */ = {isa = PBXFileReference; lastKnownFileType = file; path = "Montserrat-ExtraBold.ttf"; sourceTree = "<group>"; };
		48679DA82A49B5FB0077FF1F /* LoginInteractor.swift */ = {isa = PBXFileReference; lastKnownFileType = sourcecode.swift; path = LoginInteractor.swift; sourceTree = "<group>"; };
		48679DAA2A49BBD50077FF1F /* GlobalRouter.swift */ = {isa = PBXFileReference; lastKnownFileType = sourcecode.swift; path = GlobalRouter.swift; sourceTree = "<group>"; };
		48679DAC2A49BBF30077FF1F /* LoginRouter.swift */ = {isa = PBXFileReference; lastKnownFileType = sourcecode.swift; path = LoginRouter.swift; sourceTree = "<group>"; };
		48679DAE2A49C03A0077FF1F /* LoginModuleInitializer.swift */ = {isa = PBXFileReference; lastKnownFileType = sourcecode.swift; path = LoginModuleInitializer.swift; sourceTree = "<group>"; };
		48679DB12A49C3730077FF1F /* SnackListView.swift */ = {isa = PBXFileReference; lastKnownFileType = sourcecode.swift; path = SnackListView.swift; sourceTree = "<group>"; };
		48679DB62A49D5680077FF1F /* KeyChainManager.swift */ = {isa = PBXFileReference; lastKnownFileType = sourcecode.swift; path = KeyChainManager.swift; sourceTree = "<group>"; };
		486829BE2A4C69A7009D2DA2 /* SnacksManager.swift */ = {isa = PBXFileReference; lastKnownFileType = sourcecode.swift; path = SnacksManager.swift; sourceTree = "<group>"; };
		486829C02A4C6E8F009D2DA2 /* SnackListModuleInitializer.swift */ = {isa = PBXFileReference; lastKnownFileType = sourcecode.swift; path = SnackListModuleInitializer.swift; sourceTree = "<group>"; };
		486829C32A4C7955009D2DA2 /* LoadingIndicator.swift */ = {isa = PBXFileReference; lastKnownFileType = sourcecode.swift; path = LoadingIndicator.swift; sourceTree = "<group>"; };
		486829C72A4C7E23009D2DA2 /* SpinerController.swift */ = {isa = PBXFileReference; lastKnownFileType = sourcecode.swift; path = SpinerController.swift; sourceTree = "<group>"; };
		48690DCC2A4E3911008CE2C0 /* AddProductPresenter.swift */ = {isa = PBXFileReference; lastKnownFileType = sourcecode.swift; path = AddProductPresenter.swift; sourceTree = "<group>"; };
		48690DCE2A4E3940008CE2C0 /* AddProductRouter.swift */ = {isa = PBXFileReference; lastKnownFileType = sourcecode.swift; path = AddProductRouter.swift; sourceTree = "<group>"; };
		486C933D2A4E044900F1B0FC /* AddProductView.swift */ = {isa = PBXFileReference; lastKnownFileType = sourcecode.swift; path = AddProductView.swift; sourceTree = "<group>"; };
		486E6B672A52C68E00130864 /* AccountManager.swift */ = {isa = PBXFileReference; lastKnownFileType = sourcecode.swift; path = AccountManager.swift; sourceTree = "<group>"; };
		486E6B6D2A5309C500130864 /* FatBossTests.xctest */ = {isa = PBXFileReference; explicitFileType = wrapper.cfbundle; includeInIndex = 0; path = FatBossTests.xctest; sourceTree = BUILT_PRODUCTS_DIR; };
		486E6B762A530A2A00130864 /* KeyChainManagerTests.swift */ = {isa = PBXFileReference; lastKnownFileType = sourcecode.swift; path = KeyChainManagerTests.swift; sourceTree = "<group>"; };
		486F02C92A4EAA360040707D /* AddProductModuleInitializer.swift */ = {isa = PBXFileReference; lastKnownFileType = sourcecode.swift; path = AddProductModuleInitializer.swift; sourceTree = "<group>"; };
		486F02CB2A4EAB7A0040707D /* AddProductInteractor.swift */ = {isa = PBXFileReference; lastKnownFileType = sourcecode.swift; path = AddProductInteractor.swift; sourceTree = "<group>"; };
		4886F9D72A536828004F0702 /* Extension+DateFormatter.swift */ = {isa = PBXFileReference; lastKnownFileType = sourcecode.swift; path = "Extension+DateFormatter.swift"; sourceTree = "<group>"; };
		488F03782A4AE4BC00AEBE65 /* SnackListPresenter.swift */ = {isa = PBXFileReference; lastKnownFileType = sourcecode.swift; path = SnackListPresenter.swift; sourceTree = "<group>"; };
		488F037A2A4AE59400AEBE65 /* SnackListInteractor.swift */ = {isa = PBXFileReference; lastKnownFileType = sourcecode.swift; path = SnackListInteractor.swift; sourceTree = "<group>"; };
		488F037C2A4AE60400AEBE65 /* SnackListEntity.swift */ = {isa = PBXFileReference; lastKnownFileType = sourcecode.swift; path = SnackListEntity.swift; sourceTree = "<group>"; };
		488F037E2A4AE68A00AEBE65 /* SnackListRouter.swift */ = {isa = PBXFileReference; lastKnownFileType = sourcecode.swift; path = SnackListRouter.swift; sourceTree = "<group>"; };
		488F03802A4AEA5300AEBE65 /* SnackModel.swift */ = {isa = PBXFileReference; lastKnownFileType = sourcecode.swift; path = SnackModel.swift; sourceTree = "<group>"; };
		488F03882A4AFA6A00AEBE65 /* Extension+StoryBoardebleCell.swift */ = {isa = PBXFileReference; lastKnownFileType = sourcecode.swift; path = "Extension+StoryBoardebleCell.swift"; sourceTree = "<group>"; };
		488F038A2A4B20EA00AEBE65 /* SnackListTableViewCell.swift */ = {isa = PBXFileReference; lastKnownFileType = sourcecode.swift; path = SnackListTableViewCell.swift; sourceTree = "<group>"; };
		488F038B2A4B20EA00AEBE65 /* SnackListTableViewCell.xib */ = {isa = PBXFileReference; lastKnownFileType = file.xib; path = SnackListTableViewCell.xib; sourceTree = "<group>"; };
		488F038E2A4B320400AEBE65 /* Extension+UILabel.swift */ = {isa = PBXFileReference; lastKnownFileType = sourcecode.swift; path = "Extension+UILabel.swift"; sourceTree = "<group>"; };
		6CA73FDCA52F71122C1624D9 /* Pods-FatBoss.release.xcconfig */ = {isa = PBXFileReference; includeInIndex = 1; lastKnownFileType = text.xcconfig; name = "Pods-FatBoss.release.xcconfig"; path = "Target Support Files/Pods-FatBoss/Pods-FatBoss.release.xcconfig"; sourceTree = "<group>"; };
		99836CAA50463E561C3D9B23 /* Pods-FatBoss-FatBossUITests.release.xcconfig */ = {isa = PBXFileReference; includeInIndex = 1; lastKnownFileType = text.xcconfig; name = "Pods-FatBoss-FatBossUITests.release.xcconfig"; path = "Target Support Files/Pods-FatBoss-FatBossUITests/Pods-FatBoss-FatBossUITests.release.xcconfig"; sourceTree = "<group>"; };
		A385EF1DC84918DCDC9633E2 /* Pods-FatBoss-FatBossUITests.debug.xcconfig */ = {isa = PBXFileReference; includeInIndex = 1; lastKnownFileType = text.xcconfig; name = "Pods-FatBoss-FatBossUITests.debug.xcconfig"; path = "Target Support Files/Pods-FatBoss-FatBossUITests/Pods-FatBoss-FatBossUITests.debug.xcconfig"; sourceTree = "<group>"; };
		ABA3022F5352611853707CA9 /* Pods_FatBoss_FatBossUITests.framework */ = {isa = PBXFileReference; explicitFileType = wrapper.framework; includeInIndex = 0; path = Pods_FatBoss_FatBossUITests.framework; sourceTree = BUILT_PRODUCTS_DIR; };
		C3DC0FA3A1837F148A18755C /* Pods_FatBoss_FatBossTests.framework */ = {isa = PBXFileReference; explicitFileType = wrapper.framework; includeInIndex = 0; path = Pods_FatBoss_FatBossTests.framework; sourceTree = BUILT_PRODUCTS_DIR; };
		EDE4CC5182DBA221644D0150 /* Pods-FatBoss-FatBossTests.release.xcconfig */ = {isa = PBXFileReference; includeInIndex = 1; lastKnownFileType = text.xcconfig; name = "Pods-FatBoss-FatBossTests.release.xcconfig"; path = "Target Support Files/Pods-FatBoss-FatBossTests/Pods-FatBoss-FatBossTests.release.xcconfig"; sourceTree = "<group>"; };
/* End PBXFileReference section */

/* Begin PBXFrameworksBuildPhase section */
		48679D502A4970880077FF1F /* Frameworks */ = {
			isa = PBXFrameworksBuildPhase;
			buildActionMask = 2147483647;
			files = (
				DE101068C4B13588D1145412 /* Pods_FatBoss.framework in Frameworks */,
			);
			runOnlyForDeploymentPostprocessing = 0;
		};
		486E6B6A2A5309C500130864 /* Frameworks */ = {
			isa = PBXFrameworksBuildPhase;
			buildActionMask = 2147483647;
			files = (
			);
			runOnlyForDeploymentPostprocessing = 0;
		};
/* End PBXFrameworksBuildPhase section */

/* Begin PBXGroup section */
		2DBD5954860F879A9ECC8B13 /* Pods */ = {
			isa = PBXGroup;
			children = (
				3CE12CFE3520347E6C535B5F /* Pods-FatBoss.debug.xcconfig */,
				6CA73FDCA52F71122C1624D9 /* Pods-FatBoss.release.xcconfig */,
				A385EF1DC84918DCDC9633E2 /* Pods-FatBoss-FatBossUITests.debug.xcconfig */,
				99836CAA50463E561C3D9B23 /* Pods-FatBoss-FatBossUITests.release.xcconfig */,
				3B77E902DE1A752A2D88D616 /* Pods-FatBoss-FatBossTests.debug.xcconfig */,
				EDE4CC5182DBA221644D0150 /* Pods-FatBoss-FatBossTests.release.xcconfig */,
			);
			path = Pods;
			sourceTree = "<group>";
		};
		48679D4A2A4970880077FF1F = {
			isa = PBXGroup;
			children = (
				48679D552A4970880077FF1F /* FatBoss */,
				486E6B6E2A5309C500130864 /* FatBossTests */,
				48679D542A4970880077FF1F /* Products */,
				2DBD5954860F879A9ECC8B13 /* Pods */,
				665DC1D26696BEA68288533F /* Frameworks */,
			);
			sourceTree = "<group>";
		};
		48679D542A4970880077FF1F /* Products */ = {
			isa = PBXGroup;
			children = (
				48679D532A4970880077FF1F /* FatBoss.app */,
				486E6B6D2A5309C500130864 /* FatBossTests.xctest */,
			);
			name = Products;
			sourceTree = "<group>";
		};
		48679D552A4970880077FF1F /* FatBoss */ = {
			isa = PBXGroup;
			children = (
				48679D862A4971320077FF1F /* Application */,
				48679D5C2A4970880077FF1F /* Main.storyboard */,
				48679D612A49708A0077FF1F /* LaunchScreen.storyboard */,
				48679D872A4971550077FF1F /* Resourses */,
				486829C22A4C793F009D2DA2 /* Protocols */,
				48679DB52A49D54E0077FF1F /* Managers */,
				48679DA32A49A9BD0077FF1F /* Extensions */,
				48679D982A4982B20077FF1F /* Constants */,
				48679DA02A49927E0077FF1F /* ReusebleView */,
				48679DB02A49C3550077FF1F /* SnackListModule */,
				48864CBB2A4DD3BE00992527 /* AddProductModule */,
				48679D882A4972670077FF1F /* LoginModule */,
			);
			path = FatBoss;
			sourceTree = "<group>";
		};
		48679D862A4971320077FF1F /* Application */ = {
			isa = PBXGroup;
			children = (
				48679D562A4970880077FF1F /* AppDelegate.swift */,
				48679D582A4970880077FF1F /* SceneDelegate.swift */,
			);
			path = Application;
			sourceTree = "<group>";
		};
		48679D872A4971550077FF1F /* Resourses */ = {
			isa = PBXGroup;
			children = (
				48679D922A49801E0077FF1F /* Fonts */,
				48679D5F2A49708A0077FF1F /* Assets.xcassets */,
				48679D642A49708A0077FF1F /* Info.plist */,
			);
			path = Resourses;
			sourceTree = "<group>";
		};
		48679D882A4972670077FF1F /* LoginModule */ = {
			isa = PBXGroup;
			children = (
				48679DAE2A49C03A0077FF1F /* LoginModuleInitializer.swift */,
				48679D8B2A4972D80077FF1F /* LoginView */,
				48679D8C2A4972E60077FF1F /* LoginPresenter */,
				48679D8D2A4972F40077FF1F /* LoginRouter */,
				48679D8A2A4972CD0077FF1F /* LoginEntity */,
				48679D892A49727D0077FF1F /* LoginInteractor */,
			);
			path = LoginModule;
			sourceTree = "<group>";
		};
		48679D892A49727D0077FF1F /* LoginInteractor */ = {
			isa = PBXGroup;
			children = (
				48679DA82A49B5FB0077FF1F /* LoginInteractor.swift */,
			);
			path = LoginInteractor;
			sourceTree = "<group>";
		};
		48679D8A2A4972CD0077FF1F /* LoginEntity */ = {
			isa = PBXGroup;
			children = (
				48679D902A4973BC0077FF1F /* UserEntity.swift */,
			);
			path = LoginEntity;
			sourceTree = "<group>";
		};
		48679D8B2A4972D80077FF1F /* LoginView */ = {
			isa = PBXGroup;
			children = (
				48679D5A2A4970880077FF1F /* LoginView.swift */,
			);
			path = LoginView;
			sourceTree = "<group>";
		};
		48679D8C2A4972E60077FF1F /* LoginPresenter */ = {
			isa = PBXGroup;
			children = (
				48679D8E2A4973850077FF1F /* LoginPresenter.swift */,
			);
			path = LoginPresenter;
			sourceTree = "<group>";
		};
		48679D8D2A4972F40077FF1F /* LoginRouter */ = {
			isa = PBXGroup;
			children = (
				48679DAC2A49BBF30077FF1F /* LoginRouter.swift */,
			);
			path = LoginRouter;
			sourceTree = "<group>";
		};
		48679D922A49801E0077FF1F /* Fonts */ = {
			isa = PBXGroup;
			children = (
				48679DA62A49AC0F0077FF1F /* Montserrat-ExtraBold.ttf */,
				48679D932A4980E80077FF1F /* Montserrat-Bold.ttf */,
				48679D942A4980F90077FF1F /* Montserrat-Light.ttf */,
				48679D952A4981080077FF1F /* Montserrat-Regular.ttf */,
				48679D9B2A49870A0077FF1F /* Montserrat-Medium.ttf */,
			);
			path = Fonts;
			sourceTree = "<group>";
		};
		48679D982A4982B20077FF1F /* Constants */ = {
			isa = PBXGroup;
			children = (
				48679D992A4982BF0077FF1F /* Constants.swift */,
			);
			path = Constants;
			sourceTree = "<group>";
		};
		48679DA02A49927E0077FF1F /* ReusebleView */ = {
			isa = PBXGroup;
			children = (
				48679D962A4981F50077FF1F /* BaseView.swift */,
				486829C72A4C7E23009D2DA2 /* SpinerController.swift */,
			);
			path = ReusebleView;
			sourceTree = "<group>";
		};
		48679DA32A49A9BD0077FF1F /* Extensions */ = {
			isa = PBXGroup;
			children = (
				488F03882A4AFA6A00AEBE65 /* Extension+StoryBoardebleCell.swift */,
				4886F9D72A536828004F0702 /* Extension+DateFormatter.swift */,
				48679DA42A49A9CF0077FF1F /* Extension+SkyFloatingLabelTextField.swift */,
				488F038E2A4B320400AEBE65 /* Extension+UILabel.swift */,
			);
			path = Extensions;
			sourceTree = "<group>";
		};
		48679DB02A49C3550077FF1F /* SnackListModule */ = {
			isa = PBXGroup;
			children = (
				486829C02A4C6E8F009D2DA2 /* SnackListModuleInitializer.swift */,
				488F03772A4ADFD100AEBE65 /* SnackListRouter */,
				488F03762A4ADFC300AEBE65 /* SnackListInteractor */,
				488F03742A4ADFAD00AEBE65 /* SnackListPresenter */,
				488F03752A4ADFB900AEBE65 /* SnackListEntity */,
				488F03732A4ADF5D00AEBE65 /* SnackListView */,
			);
			path = SnackListModule;
			sourceTree = "<group>";
		};
		48679DB52A49D54E0077FF1F /* Managers */ = {
			isa = PBXGroup;
			children = (
				48679DB62A49D5680077FF1F /* KeyChainManager.swift */,
				486E6B672A52C68E00130864 /* AccountManager.swift */,
				486829BE2A4C69A7009D2DA2 /* SnacksManager.swift */,
				48679DAA2A49BBD50077FF1F /* GlobalRouter.swift */,
			);
			path = Managers;
			sourceTree = "<group>";
		};
		486829C22A4C793F009D2DA2 /* Protocols */ = {
			isa = PBXGroup;
			children = (
				486829C32A4C7955009D2DA2 /* LoadingIndicator.swift */,
			);
			path = Protocols;
			sourceTree = "<group>";
		};
		486E6B6E2A5309C500130864 /* FatBossTests */ = {
			isa = PBXGroup;
			children = (
				486E6B762A530A2A00130864 /* KeyChainManagerTests.swift */,
			);
			path = FatBossTests;
			sourceTree = "<group>";
		};
		48864CBB2A4DD3BE00992527 /* AddProductModule */ = {
			isa = PBXGroup;
			children = (
				486F02C92A4EAA360040707D /* AddProductModuleInitializer.swift */,
				48864CBF2A4DD3EB00992527 /* AddProductInteractor */,
				48864CBE2A4DD3E100992527 /* AddProductRouter */,
				48864CBD2A4DD3DA00992527 /* AddProductPresenter */,
				48864CBC2A4DD3CE00992527 /* AddProductView */,
			);
			path = AddProductModule;
			sourceTree = "<group>";
		};
		48864CBC2A4DD3CE00992527 /* AddProductView */ = {
			isa = PBXGroup;
			children = (
				486C933D2A4E044900F1B0FC /* AddProductView.swift */,
			);
			path = AddProductView;
			sourceTree = "<group>";
		};
		48864CBD2A4DD3DA00992527 /* AddProductPresenter */ = {
			isa = PBXGroup;
			children = (
				48690DCC2A4E3911008CE2C0 /* AddProductPresenter.swift */,
			);
			path = AddProductPresenter;
			sourceTree = "<group>";
		};
		48864CBE2A4DD3E100992527 /* AddProductRouter */ = {
			isa = PBXGroup;
			children = (
				48690DCE2A4E3940008CE2C0 /* AddProductRouter.swift */,
			);
			path = AddProductRouter;
			sourceTree = "<group>";
		};
		48864CBF2A4DD3EB00992527 /* AddProductInteractor */ = {
			isa = PBXGroup;
			children = (
				486F02CB2A4EAB7A0040707D /* AddProductInteractor.swift */,
			);
			path = AddProductInteractor;
			sourceTree = "<group>";
		};
		488F03732A4ADF5D00AEBE65 /* SnackListView */ = {
			isa = PBXGroup;
			children = (
				48679DB12A49C3730077FF1F /* SnackListView.swift */,
				488F03822A4AF8F100AEBE65 /* SnackListCell */,
			);
			path = SnackListView;
			sourceTree = "<group>";
		};
		488F03742A4ADFAD00AEBE65 /* SnackListPresenter */ = {
			isa = PBXGroup;
			children = (
				488F03782A4AE4BC00AEBE65 /* SnackListPresenter.swift */,
			);
			path = SnackListPresenter;
			sourceTree = "<group>";
		};
		488F03752A4ADFB900AEBE65 /* SnackListEntity */ = {
			isa = PBXGroup;
			children = (
				488F037C2A4AE60400AEBE65 /* SnackListEntity.swift */,
				488F03802A4AEA5300AEBE65 /* SnackModel.swift */,
			);
			path = SnackListEntity;
			sourceTree = "<group>";
		};
		488F03762A4ADFC300AEBE65 /* SnackListInteractor */ = {
			isa = PBXGroup;
			children = (
				488F037A2A4AE59400AEBE65 /* SnackListInteractor.swift */,
			);
			path = SnackListInteractor;
			sourceTree = "<group>";
		};
		488F03772A4ADFD100AEBE65 /* SnackListRouter */ = {
			isa = PBXGroup;
			children = (
				488F037E2A4AE68A00AEBE65 /* SnackListRouter.swift */,
			);
			path = SnackListRouter;
			sourceTree = "<group>";
		};
		488F03822A4AF8F100AEBE65 /* SnackListCell */ = {
			isa = PBXGroup;
			children = (
				488F038A2A4B20EA00AEBE65 /* SnackListTableViewCell.swift */,
				488F038B2A4B20EA00AEBE65 /* SnackListTableViewCell.xib */,
			);
			path = SnackListCell;
			sourceTree = "<group>";
		};
		665DC1D26696BEA68288533F /* Frameworks */ = {
			isa = PBXGroup;
			children = (
				48433BE5F0CC71B351FEC5E6 /* Pods_FatBoss.framework */,
				ABA3022F5352611853707CA9 /* Pods_FatBoss_FatBossUITests.framework */,
				C3DC0FA3A1837F148A18755C /* Pods_FatBoss_FatBossTests.framework */,
			);
			name = Frameworks;
			sourceTree = "<group>";
		};
/* End PBXGroup section */

/* Begin PBXNativeTarget section */
		48679D522A4970880077FF1F /* FatBoss */ = {
			isa = PBXNativeTarget;
			buildConfigurationList = 48679D7D2A49708A0077FF1F /* Build configuration list for PBXNativeTarget "FatBoss" */;
			buildPhases = (
				D760F7DC055242716FE80FC1 /* [CP] Check Pods Manifest.lock */,
				48679D4F2A4970880077FF1F /* Sources */,
				48679D502A4970880077FF1F /* Frameworks */,
				48679D512A4970880077FF1F /* Resources */,
				89BBC90DA9D01779D88C98F9 /* [CP] Embed Pods Frameworks */,
			);
			buildRules = (
			);
			dependencies = (
			);
			name = FatBoss;
			productName = FatBoss;
			productReference = 48679D532A4970880077FF1F /* FatBoss.app */;
			productType = "com.apple.product-type.application";
		};
		486E6B6C2A5309C500130864 /* FatBossTests */ = {
			isa = PBXNativeTarget;
			buildConfigurationList = 486E6B732A5309C600130864 /* Build configuration list for PBXNativeTarget "FatBossTests" */;
			buildPhases = (
				486E6B692A5309C500130864 /* Sources */,
				486E6B6A2A5309C500130864 /* Frameworks */,
				486E6B6B2A5309C500130864 /* Resources */,
			);
			buildRules = (
			);
			dependencies = (
				486E6B722A5309C500130864 /* PBXTargetDependency */,
			);
			name = FatBossTests;
			productName = FatBossTests;
			productReference = 486E6B6D2A5309C500130864 /* FatBossTests.xctest */;
			productType = "com.apple.product-type.bundle.unit-test";
		};
/* End PBXNativeTarget section */

/* Begin PBXProject section */
		48679D4B2A4970880077FF1F /* Project object */ = {
			isa = PBXProject;
			attributes = {
				BuildIndependentTargetsInParallel = 1;
				LastSwiftUpdateCheck = 1420;
				LastUpgradeCheck = 1420;
				TargetAttributes = {
					48679D522A4970880077FF1F = {
						CreatedOnToolsVersion = 14.2;
					};
					486E6B6C2A5309C500130864 = {
						CreatedOnToolsVersion = 14.2;
						LastSwiftMigration = 1420;
						TestTargetID = 48679D522A4970880077FF1F;
					};
				};
			};
			buildConfigurationList = 48679D4E2A4970880077FF1F /* Build configuration list for PBXProject "FatBoss" */;
			compatibilityVersion = "Xcode 14.0";
			developmentRegion = en;
			hasScannedForEncodings = 0;
			knownRegions = (
				en,
				Base,
			);
			mainGroup = 48679D4A2A4970880077FF1F;
			productRefGroup = 48679D542A4970880077FF1F /* Products */;
			projectDirPath = "";
			projectRoot = "";
			targets = (
				48679D522A4970880077FF1F /* FatBoss */,
				486E6B6C2A5309C500130864 /* FatBossTests */,
			);
		};
/* End PBXProject section */

/* Begin PBXResourcesBuildPhase section */
		48679D512A4970880077FF1F /* Resources */ = {
			isa = PBXResourcesBuildPhase;
			buildActionMask = 2147483647;
			files = (
				48679D9E2A498D5E0077FF1F /* Montserrat-Regular.ttf in Resources */,
				48679D9D2A498D5C0077FF1F /* Montserrat-Light.ttf in Resources */,
				48679D9C2A498D5A0077FF1F /* Montserrat-Bold.ttf in Resources */,
				48679D9F2A498D610077FF1F /* Montserrat-Medium.ttf in Resources */,
				48679D632A49708A0077FF1F /* LaunchScreen.storyboard in Resources */,
				488F038D2A4B20EA00AEBE65 /* SnackListTableViewCell.xib in Resources */,
				48679DA72A49AC0F0077FF1F /* Montserrat-ExtraBold.ttf in Resources */,
				48679D602A49708A0077FF1F /* Assets.xcassets in Resources */,
				48679D5E2A4970880077FF1F /* Main.storyboard in Resources */,
			);
			runOnlyForDeploymentPostprocessing = 0;
		};
		486E6B6B2A5309C500130864 /* Resources */ = {
			isa = PBXResourcesBuildPhase;
			buildActionMask = 2147483647;
			files = (
			);
			runOnlyForDeploymentPostprocessing = 0;
		};
/* End PBXResourcesBuildPhase section */

/* Begin PBXShellScriptBuildPhase section */
		89BBC90DA9D01779D88C98F9 /* [CP] Embed Pods Frameworks */ = {
			isa = PBXShellScriptBuildPhase;
			buildActionMask = 2147483647;
			files = (
			);
			inputFileListPaths = (
				"${PODS_ROOT}/Target Support Files/Pods-FatBoss/Pods-FatBoss-frameworks-${CONFIGURATION}-input-files.xcfilelist",
			);
			name = "[CP] Embed Pods Frameworks";
			outputFileListPaths = (
				"${PODS_ROOT}/Target Support Files/Pods-FatBoss/Pods-FatBoss-frameworks-${CONFIGURATION}-output-files.xcfilelist",
			);
			runOnlyForDeploymentPostprocessing = 0;
			shellPath = /bin/sh;
			shellScript = "\"${PODS_ROOT}/Target Support Files/Pods-FatBoss/Pods-FatBoss-frameworks.sh\"\n";
			showEnvVarsInLog = 0;
		};
		D760F7DC055242716FE80FC1 /* [CP] Check Pods Manifest.lock */ = {
			isa = PBXShellScriptBuildPhase;
			buildActionMask = 2147483647;
			files = (
			);
			inputFileListPaths = (
			);
			inputPaths = (
				"${PODS_PODFILE_DIR_PATH}/Podfile.lock",
				"${PODS_ROOT}/Manifest.lock",
			);
			name = "[CP] Check Pods Manifest.lock";
			outputFileListPaths = (
			);
			outputPaths = (
				"$(DERIVED_FILE_DIR)/Pods-FatBoss-checkManifestLockResult.txt",
			);
			runOnlyForDeploymentPostprocessing = 0;
			shellPath = /bin/sh;
			shellScript = "diff \"${PODS_PODFILE_DIR_PATH}/Podfile.lock\" \"${PODS_ROOT}/Manifest.lock\" > /dev/null\nif [ $? != 0 ] ; then\n    # print error to STDERR\n    echo \"error: The sandbox is not in sync with the Podfile.lock. Run 'pod install' or update your CocoaPods installation.\" >&2\n    exit 1\nfi\n# This output is used by Xcode 'outputs' to avoid re-running this script phase.\necho \"SUCCESS\" > \"${SCRIPT_OUTPUT_FILE_0}\"\n";
			showEnvVarsInLog = 0;
		};
/* End PBXShellScriptBuildPhase section */

/* Begin PBXSourcesBuildPhase section */
		48679D4F2A4970880077FF1F /* Sources */ = {
			isa = PBXSourcesBuildPhase;
			buildActionMask = 2147483647;
			files = (
				488F038F2A4B320400AEBE65 /* Extension+UILabel.swift in Sources */,
				48679D8F2A4973850077FF1F /* LoginPresenter.swift in Sources */,
				48679D5B2A4970880077FF1F /* LoginView.swift in Sources */,
				48679DAD2A49BBF30077FF1F /* LoginRouter.swift in Sources */,
				48679D572A4970880077FF1F /* AppDelegate.swift in Sources */,
				488F037F2A4AE68A00AEBE65 /* SnackListRouter.swift in Sources */,
				48679DA52A49A9CF0077FF1F /* Extension+SkyFloatingLabelTextField.swift in Sources */,
				48679D972A4981F50077FF1F /* BaseView.swift in Sources */,
				48679DB72A49D5680077FF1F /* KeyChainManager.swift in Sources */,
				486F02CC2A4EAB7A0040707D /* AddProductInteractor.swift in Sources */,
				48679D9A2A4982BF0077FF1F /* Constants.swift in Sources */,
				488F03812A4AEA5300AEBE65 /* SnackModel.swift in Sources */,
				488F038C2A4B20EA00AEBE65 /* SnackListTableViewCell.swift in Sources */,
				48679DB22A49C3730077FF1F /* SnackListView.swift in Sources */,
				488F03892A4AFA6A00AEBE65 /* Extension+StoryBoardebleCell.swift in Sources */,
				48690DCF2A4E3940008CE2C0 /* AddProductRouter.swift in Sources */,
				486829C42A4C7955009D2DA2 /* LoadingIndicator.swift in Sources */,
				48679DAF2A49C03A0077FF1F /* LoginModuleInitializer.swift in Sources */,
				48679D912A4973BC0077FF1F /* UserEntity.swift in Sources */,
				486F02CA2A4EAA360040707D /* AddProductModuleInitializer.swift in Sources */,
				486829C12A4C6E8F009D2DA2 /* SnackListModuleInitializer.swift in Sources */,
				486E6B682A52C68E00130864 /* AccountManager.swift in Sources */,
				486C933E2A4E044900F1B0FC /* AddProductView.swift in Sources */,
				48679DA92A49B5FB0077FF1F /* LoginInteractor.swift in Sources */,
				48690DCD2A4E3911008CE2C0 /* AddProductPresenter.swift in Sources */,
				4886F9D82A536828004F0702 /* Extension+DateFormatter.swift in Sources */,
				486829C82A4C7E23009D2DA2 /* SpinerController.swift in Sources */,
				48679DAB2A49BBD50077FF1F /* GlobalRouter.swift in Sources */,
				488F037D2A4AE60400AEBE65 /* SnackListEntity.swift in Sources */,
				48679D592A4970880077FF1F /* SceneDelegate.swift in Sources */,
				486829BF2A4C69A8009D2DA2 /* SnacksManager.swift in Sources */,
				488F03792A4AE4BC00AEBE65 /* SnackListPresenter.swift in Sources */,
				488F037B2A4AE59400AEBE65 /* SnackListInteractor.swift in Sources */,
			);
			runOnlyForDeploymentPostprocessing = 0;
		};
		486E6B692A5309C500130864 /* Sources */ = {
			isa = PBXSourcesBuildPhase;
			buildActionMask = 2147483647;
			files = (
				486E6B772A530A2A00130864 /* KeyChainManagerTests.swift in Sources */,
			);
			runOnlyForDeploymentPostprocessing = 0;
		};
/* End PBXSourcesBuildPhase section */

/* Begin PBXTargetDependency section */
		486E6B722A5309C500130864 /* PBXTargetDependency */ = {
			isa = PBXTargetDependency;
			target = 48679D522A4970880077FF1F /* FatBoss */;
			targetProxy = 486E6B712A5309C500130864 /* PBXContainerItemProxy */;
		};
/* End PBXTargetDependency section */

/* Begin PBXVariantGroup section */
		48679D5C2A4970880077FF1F /* Main.storyboard */ = {
			isa = PBXVariantGroup;
			children = (
				48679D5D2A4970880077FF1F /* Base */,
			);
			name = Main.storyboard;
			sourceTree = "<group>";
		};
		48679D612A49708A0077FF1F /* LaunchScreen.storyboard */ = {
			isa = PBXVariantGroup;
			children = (
				48679D622A49708A0077FF1F /* Base */,
			);
			name = LaunchScreen.storyboard;
			sourceTree = "<group>";
		};
/* End PBXVariantGroup section */

/* Begin XCBuildConfiguration section */
		48679D7B2A49708A0077FF1F /* Debug */ = {
			isa = XCBuildConfiguration;
			buildSettings = {
				ALWAYS_SEARCH_USER_PATHS = NO;
				CLANG_ANALYZER_NONNULL = YES;
				CLANG_ANALYZER_NUMBER_OBJECT_CONVERSION = YES_AGGRESSIVE;
				CLANG_CXX_LANGUAGE_STANDARD = "gnu++20";
				CLANG_ENABLE_MODULES = YES;
				CLANG_ENABLE_OBJC_ARC = YES;
				CLANG_ENABLE_OBJC_WEAK = YES;
				CLANG_WARN_BLOCK_CAPTURE_AUTORELEASING = YES;
				CLANG_WARN_BOOL_CONVERSION = YES;
				CLANG_WARN_COMMA = YES;
				CLANG_WARN_CONSTANT_CONVERSION = YES;
				CLANG_WARN_DEPRECATED_OBJC_IMPLEMENTATIONS = YES;
				CLANG_WARN_DIRECT_OBJC_ISA_USAGE = YES_ERROR;
				CLANG_WARN_DOCUMENTATION_COMMENTS = YES;
				CLANG_WARN_EMPTY_BODY = YES;
				CLANG_WARN_ENUM_CONVERSION = YES;
				CLANG_WARN_INFINITE_RECURSION = YES;
				CLANG_WARN_INT_CONVERSION = YES;
				CLANG_WARN_NON_LITERAL_NULL_CONVERSION = YES;
				CLANG_WARN_OBJC_IMPLICIT_RETAIN_SELF = YES;
				CLANG_WARN_OBJC_LITERAL_CONVERSION = YES;
				CLANG_WARN_OBJC_ROOT_CLASS = YES_ERROR;
				CLANG_WARN_QUOTED_INCLUDE_IN_FRAMEWORK_HEADER = YES;
				CLANG_WARN_RANGE_LOOP_ANALYSIS = YES;
				CLANG_WARN_STRICT_PROTOTYPES = YES;
				CLANG_WARN_SUSPICIOUS_MOVE = YES;
				CLANG_WARN_UNGUARDED_AVAILABILITY = YES_AGGRESSIVE;
				CLANG_WARN_UNREACHABLE_CODE = YES;
				CLANG_WARN__DUPLICATE_METHOD_MATCH = YES;
				COPY_PHASE_STRIP = NO;
				DEBUG_INFORMATION_FORMAT = dwarf;
				ENABLE_STRICT_OBJC_MSGSEND = YES;
				ENABLE_TESTABILITY = YES;
				GCC_C_LANGUAGE_STANDARD = gnu11;
				GCC_DYNAMIC_NO_PIC = NO;
				GCC_NO_COMMON_BLOCKS = YES;
				GCC_OPTIMIZATION_LEVEL = 0;
				GCC_PREPROCESSOR_DEFINITIONS = (
					"DEBUG=1",
					"$(inherited)",
				);
				GCC_WARN_64_TO_32_BIT_CONVERSION = YES;
				GCC_WARN_ABOUT_RETURN_TYPE = YES_ERROR;
				GCC_WARN_UNDECLARED_SELECTOR = YES;
				GCC_WARN_UNINITIALIZED_AUTOS = YES_AGGRESSIVE;
				GCC_WARN_UNUSED_FUNCTION = YES;
				GCC_WARN_UNUSED_VARIABLE = YES;
				IPHONEOS_DEPLOYMENT_TARGET = 16.2;
				MTL_ENABLE_DEBUG_INFO = INCLUDE_SOURCE;
				MTL_FAST_MATH = YES;
				ONLY_ACTIVE_ARCH = YES;
				SDKROOT = iphoneos;
				SWIFT_ACTIVE_COMPILATION_CONDITIONS = DEBUG;
				SWIFT_OPTIMIZATION_LEVEL = "-Onone";
			};
			name = Debug;
		};
		48679D7C2A49708A0077FF1F /* Release */ = {
			isa = XCBuildConfiguration;
			buildSettings = {
				ALWAYS_SEARCH_USER_PATHS = NO;
				CLANG_ANALYZER_NONNULL = YES;
				CLANG_ANALYZER_NUMBER_OBJECT_CONVERSION = YES_AGGRESSIVE;
				CLANG_CXX_LANGUAGE_STANDARD = "gnu++20";
				CLANG_ENABLE_MODULES = YES;
				CLANG_ENABLE_OBJC_ARC = YES;
				CLANG_ENABLE_OBJC_WEAK = YES;
				CLANG_WARN_BLOCK_CAPTURE_AUTORELEASING = YES;
				CLANG_WARN_BOOL_CONVERSION = YES;
				CLANG_WARN_COMMA = YES;
				CLANG_WARN_CONSTANT_CONVERSION = YES;
				CLANG_WARN_DEPRECATED_OBJC_IMPLEMENTATIONS = YES;
				CLANG_WARN_DIRECT_OBJC_ISA_USAGE = YES_ERROR;
				CLANG_WARN_DOCUMENTATION_COMMENTS = YES;
				CLANG_WARN_EMPTY_BODY = YES;
				CLANG_WARN_ENUM_CONVERSION = YES;
				CLANG_WARN_INFINITE_RECURSION = YES;
				CLANG_WARN_INT_CONVERSION = YES;
				CLANG_WARN_NON_LITERAL_NULL_CONVERSION = YES;
				CLANG_WARN_OBJC_IMPLICIT_RETAIN_SELF = YES;
				CLANG_WARN_OBJC_LITERAL_CONVERSION = YES;
				CLANG_WARN_OBJC_ROOT_CLASS = YES_ERROR;
				CLANG_WARN_QUOTED_INCLUDE_IN_FRAMEWORK_HEADER = YES;
				CLANG_WARN_RANGE_LOOP_ANALYSIS = YES;
				CLANG_WARN_STRICT_PROTOTYPES = YES;
				CLANG_WARN_SUSPICIOUS_MOVE = YES;
				CLANG_WARN_UNGUARDED_AVAILABILITY = YES_AGGRESSIVE;
				CLANG_WARN_UNREACHABLE_CODE = YES;
				CLANG_WARN__DUPLICATE_METHOD_MATCH = YES;
				COPY_PHASE_STRIP = NO;
				DEBUG_INFORMATION_FORMAT = "dwarf-with-dsym";
				ENABLE_NS_ASSERTIONS = NO;
				ENABLE_STRICT_OBJC_MSGSEND = YES;
				GCC_C_LANGUAGE_STANDARD = gnu11;
				GCC_NO_COMMON_BLOCKS = YES;
				GCC_WARN_64_TO_32_BIT_CONVERSION = YES;
				GCC_WARN_ABOUT_RETURN_TYPE = YES_ERROR;
				GCC_WARN_UNDECLARED_SELECTOR = YES;
				GCC_WARN_UNINITIALIZED_AUTOS = YES_AGGRESSIVE;
				GCC_WARN_UNUSED_FUNCTION = YES;
				GCC_WARN_UNUSED_VARIABLE = YES;
				IPHONEOS_DEPLOYMENT_TARGET = 16.2;
				MTL_ENABLE_DEBUG_INFO = NO;
				MTL_FAST_MATH = YES;
				SDKROOT = iphoneos;
				SWIFT_COMPILATION_MODE = wholemodule;
				SWIFT_OPTIMIZATION_LEVEL = "-O";
				VALIDATE_PRODUCT = YES;
			};
			name = Release;
		};
		48679D7E2A49708A0077FF1F /* Debug */ = {
			isa = XCBuildConfiguration;
			baseConfigurationReference = 3CE12CFE3520347E6C535B5F /* Pods-FatBoss.debug.xcconfig */;
			buildSettings = {
				ASSETCATALOG_COMPILER_APPICON_NAME = AppIcon;
				ASSETCATALOG_COMPILER_GLOBAL_ACCENT_COLOR_NAME = AccentColor;
				CODE_SIGN_STYLE = Automatic;
				CURRENT_PROJECT_VERSION = 1;
				DEVELOPMENT_TEAM = 683FFW2T3C;
				GENERATE_INFOPLIST_FILE = YES;
				INFOPLIST_FILE = FatBoss/Resourses/Info.plist;
				INFOPLIST_KEY_UIApplicationSupportsIndirectInputEvents = YES;
				INFOPLIST_KEY_UILaunchStoryboardName = LaunchScreen;
				INFOPLIST_KEY_UIMainStoryboardFile = Main;
				INFOPLIST_KEY_UISupportedInterfaceOrientations_iPad = "UIInterfaceOrientationPortrait UIInterfaceOrientationPortraitUpsideDown UIInterfaceOrientationLandscapeLeft UIInterfaceOrientationLandscapeRight";
				INFOPLIST_KEY_UISupportedInterfaceOrientations_iPhone = "UIInterfaceOrientationPortrait UIInterfaceOrientationLandscapeLeft UIInterfaceOrientationLandscapeRight";
				LD_RUNPATH_SEARCH_PATHS = (
					"$(inherited)",
					"@executable_path/Frameworks",
				);
				MARKETING_VERSION = 1.0;
				PRODUCT_BUNDLE_IDENTIFIER = "developer-team.FatBoss";
				PRODUCT_NAME = "$(TARGET_NAME)";
				SWIFT_EMIT_LOC_STRINGS = YES;
				SWIFT_VERSION = 5.0;
				TARGETED_DEVICE_FAMILY = "1,2";
			};
			name = Debug;
		};
		48679D7F2A49708A0077FF1F /* Release */ = {
			isa = XCBuildConfiguration;
			baseConfigurationReference = 6CA73FDCA52F71122C1624D9 /* Pods-FatBoss.release.xcconfig */;
			buildSettings = {
				ASSETCATALOG_COMPILER_APPICON_NAME = AppIcon;
				ASSETCATALOG_COMPILER_GLOBAL_ACCENT_COLOR_NAME = AccentColor;
				CODE_SIGN_STYLE = Automatic;
				CURRENT_PROJECT_VERSION = 1;
				DEVELOPMENT_TEAM = 683FFW2T3C;
				GENERATE_INFOPLIST_FILE = YES;
				INFOPLIST_FILE = FatBoss/Resourses/Info.plist;
				INFOPLIST_KEY_UIApplicationSupportsIndirectInputEvents = YES;
				INFOPLIST_KEY_UILaunchStoryboardName = LaunchScreen;
				INFOPLIST_KEY_UIMainStoryboardFile = Main;
				INFOPLIST_KEY_UISupportedInterfaceOrientations_iPad = "UIInterfaceOrientationPortrait UIInterfaceOrientationPortraitUpsideDown UIInterfaceOrientationLandscapeLeft UIInterfaceOrientationLandscapeRight";
				INFOPLIST_KEY_UISupportedInterfaceOrientations_iPhone = "UIInterfaceOrientationPortrait UIInterfaceOrientationLandscapeLeft UIInterfaceOrientationLandscapeRight";
				LD_RUNPATH_SEARCH_PATHS = (
					"$(inherited)",
					"@executable_path/Frameworks",
				);
				MARKETING_VERSION = 1.0;
				PRODUCT_BUNDLE_IDENTIFIER = "developer-team.FatBoss";
				PRODUCT_NAME = "$(TARGET_NAME)";
				SWIFT_EMIT_LOC_STRINGS = YES;
				SWIFT_VERSION = 5.0;
				TARGETED_DEVICE_FAMILY = "1,2";
			};
			name = Release;
		};
		486E6B742A5309C600130864 /* Debug */ = {
			isa = XCBuildConfiguration;
			buildSettings = {
				BUNDLE_LOADER = "$(TEST_HOST)";
				CLANG_ENABLE_MODULES = YES;
				CODE_SIGN_STYLE = Automatic;
				CURRENT_PROJECT_VERSION = 1;
				DEVELOPMENT_TEAM = 683FFW2T3C;
				GENERATE_INFOPLIST_FILE = YES;
				LD_RUNPATH_SEARCH_PATHS = (
					"$(inherited)",
					"@executable_path/Frameworks",
					"@loader_path/Frameworks",
				);
				MARKETING_VERSION = 1.0;
				PRODUCT_BUNDLE_IDENTIFIER = "developer-team.FatBossTests";
				PRODUCT_NAME = "$(TARGET_NAME)";
				SWIFT_EMIT_LOC_STRINGS = NO;
				SWIFT_OPTIMIZATION_LEVEL = "-Onone";
				SWIFT_VERSION = 5.0;
				TARGETED_DEVICE_FAMILY = "1,2";
				TEST_HOST = "$(BUILT_PRODUCTS_DIR)/FatBoss.app/$(BUNDLE_EXECUTABLE_FOLDER_PATH)/FatBoss";
			};
			name = Debug;
		};
		486E6B752A5309C600130864 /* Release */ = {
			isa = XCBuildConfiguration;
			buildSettings = {
				BUNDLE_LOADER = "$(TEST_HOST)";
				CLANG_ENABLE_MODULES = YES;
				CODE_SIGN_STYLE = Automatic;
				CURRENT_PROJECT_VERSION = 1;
				DEVELOPMENT_TEAM = 683FFW2T3C;
				GENERATE_INFOPLIST_FILE = YES;
				LD_RUNPATH_SEARCH_PATHS = (
					"$(inherited)",
					"@executable_path/Frameworks",
					"@loader_path/Frameworks",
				);
				MARKETING_VERSION = 1.0;
				PRODUCT_BUNDLE_IDENTIFIER = "developer-team.FatBossTests";
				PRODUCT_NAME = "$(TARGET_NAME)";
				SWIFT_EMIT_LOC_STRINGS = NO;
				SWIFT_VERSION = 5.0;
				TARGETED_DEVICE_FAMILY = "1,2";
				TEST_HOST = "$(BUILT_PRODUCTS_DIR)/FatBoss.app/$(BUNDLE_EXECUTABLE_FOLDER_PATH)/FatBoss";
			};
			name = Release;
		};
/* End XCBuildConfiguration section */

/* Begin XCConfigurationList section */
		48679D4E2A4970880077FF1F /* Build configuration list for PBXProject "FatBoss" */ = {
			isa = XCConfigurationList;
			buildConfigurations = (
				48679D7B2A49708A0077FF1F /* Debug */,
				48679D7C2A49708A0077FF1F /* Release */,
			);
			defaultConfigurationIsVisible = 0;
			defaultConfigurationName = Release;
		};
		48679D7D2A49708A0077FF1F /* Build configuration list for PBXNativeTarget "FatBoss" */ = {
			isa = XCConfigurationList;
			buildConfigurations = (
				48679D7E2A49708A0077FF1F /* Debug */,
				48679D7F2A49708A0077FF1F /* Release */,
			);
			defaultConfigurationIsVisible = 0;
			defaultConfigurationName = Release;
		};
		486E6B732A5309C600130864 /* Build configuration list for PBXNativeTarget "FatBossTests" */ = {
			isa = XCConfigurationList;
			buildConfigurations = (
				486E6B742A5309C600130864 /* Debug */,
				486E6B752A5309C600130864 /* Release */,
			);
			defaultConfigurationIsVisible = 0;
			defaultConfigurationName = Release;
		};
/* End XCConfigurationList section */
	};
	rootObject = 48679D4B2A4970880077FF1F /* Project object */;
}
